
Microsoft Visual Studio Solution File, Format Version 12.00
# Visual Studio Version 17
VisualStudioVersion = 17.10.35013.160
MinimumVisualStudioVersion = 10.0.40219.1
Project("{FAE04EC0-301F-11D3-BF4B-00C04F79EFBC}") = "WindowsFormsApp6", "WindowsFormsApp6\WindowsFormsApp6.csproj", "{30E5C9AF-310C-448A-BC4F-0D681B790268}"
EndProject
Global
	GlobalSection(SolutionConfigurationPlatforms) = preSolution
		Debug|Any CPU = Debug|Any CPU
		Release|Any CPU = Release|Any CPU
	EndGlobalSection
	GlobalSection(ProjectConfigurationPlatforms) = postSolution
		{30E5C9AF-310C-448A-BC4F-0D681B790268}.Debug|Any CPU.ActiveCfg = Debug|Any CPU
		{30E5C9AF-310C-448A-BC4F-0D681B790268}.Debug|Any CPU.Build.0 = Debug|Any CPU
		{30E5C9AF-310C-448A-BC4F-0D681B790268}.Release|Any CPU.ActiveCfg = Release|Any CPU
		{30E5C9AF-310C-448A-BC4F-0D681B790268}.Release|Any CPU.Build.0 = Release|Any CPU
	EndGlobalSection
	GlobalSection(SolutionProperties) = preSolution
		HideSolutionNode = FALSE
	EndGlobalSection
	GlobalSection(ExtensibilityGlobals) = postSolution
		SolutionGuid = {AB3BB57A-C1EA-4AB6-BCA5-7DB527871477}
	EndGlobalSection
EndGlobal
